
Microsoft Visual Studio Solution File, Format Version 12.00
# Visual Studio Version 17
VisualStudioVersion = 17.0.31903.59
MinimumVisualStudioVersion = 10.0.40219.1
Project("{FAE04EC0-301F-11D3-BF4B-00C04F79EFBC}") = "Erus.Faas.ApiGateway", "Erus.Faas.ApiGateway\Erus.Faas.ApiGateway.csproj", "{65190577-AAE4-4E68-A48E-50125699FA02}"
EndProject
Project("{FAE04EC0-301F-11D3-BF4B-00C04F79EFBC}") = "Erus.Faas.ApiGateway.Tests", "Erus.Faas.ApiGateway.Tests\Erus.Faas.ApiGateway.Tests.csproj", "{C83E4F27-05BC-476D-AE15-3DA2DED4E800}"
EndProject
Project("{FAE04EC0-301F-11D3-BF4B-00C04F79EFBC}") = "Erus.Faas.ApiGateway.IntegrationTests", "Erus.Faas.ApiGateway.IntegrationTests\Erus.Faas.ApiGateway.IntegrationTests.csproj", "{60586BE5-459E-4581-9F31-6F2FBFF1D1FB}"
EndProject
Global
	GlobalSection(SolutionConfigurationPlatforms) = preSolution
		Debug|Any CPU = Debug|Any CPU
		Release|Any CPU = Release|Any CPU
	EndGlobalSection
	GlobalSection(SolutionProperties) = preSolution
		HideSolutionNode = FALSE
	EndGlobalSection
	GlobalSection(ProjectConfigurationPlatforms) = postSolution
		{65190577-AAE4-4E68-A48E-50125699FA02}.Debug|Any CPU.ActiveCfg = Debug|Any CPU
		{65190577-AAE4-4E68-A48E-50125699FA02}.Debug|Any CPU.Build.0 = Debug|Any CPU
		{65190577-AAE4-4E68-A48E-50125699FA02}.Release|Any CPU.ActiveCfg = Release|Any CPU
		{65190577-AAE4-4E68-A48E-50125699FA02}.Release|Any CPU.Build.0 = Release|Any CPU
		{C83E4F27-05BC-476D-AE15-3DA2DED4E800}.Debug|Any CPU.ActiveCfg = Debug|Any CPU
		{C83E4F27-05BC-476D-AE15-3DA2DED4E800}.Debug|Any CPU.Build.0 = Debug|Any CPU
		{C83E4F27-05BC-476D-AE15-3DA2DED4E800}.Release|Any CPU.ActiveCfg = Release|Any CPU
		{C83E4F27-05BC-476D-AE15-3DA2DED4E800}.Release|Any CPU.Build.0 = Release|Any CPU
		{60586BE5-459E-4581-9F31-6F2FBFF1D1FB}.Debug|Any CPU.ActiveCfg = Debug|Any CPU
		{60586BE5-459E-4581-9F31-6F2FBFF1D1FB}.Debug|Any CPU.Build.0 = Debug|Any CPU
		{60586BE5-459E-4581-9F31-6F2FBFF1D1FB}.Release|Any CPU.ActiveCfg = Release|Any CPU
		{60586BE5-459E-4581-9F31-6F2FBFF1D1FB}.Release|Any CPU.Build.0 = Release|Any CPU
	EndGlobalSection
EndGlobal
